
Microsoft Visual Studio Solution File, Format Version 12.00
# Visual Studio Version 17
VisualStudioVersion = 17.14.36109.1 d17.14
MinimumVisualStudioVersion = 10.0.40219.1
Project("{FAE04EC0-301F-11D3-BF4B-00C04F79EFBC}") = "Basic C Sharp Projects", "Basic C Sharp Projects\Basic C Sharp Projects.csproj", "{ED49D249-4C0C-4D94-82B7-143288153AD7}"
EndProject
Global
	GlobalSection(SolutionConfigurationPlatforms) = preSolution
		Debug|Any CPU = Debug|Any CPU
		Release|Any CPU = Release|Any CPU
	EndGlobalSection
	GlobalSection(ProjectConfigurationPlatforms) = postSolution
		{ED49D249-4C0C-4D94-82B7-143288153AD7}.Debug|Any CPU.ActiveCfg = Debug|Any CPU
		{ED49D249-4C0C-4D94-82B7-143288153AD7}.Debug|Any CPU.Build.0 = Debug|Any CPU
		{ED49D249-4C0C-4D94-82B7-143288153AD7}.Release|Any CPU.ActiveCfg = Release|Any CPU
		{ED49D249-4C0C-4D94-82B7-143288153AD7}.Release|Any CPU.Build.0 = Release|Any CPU
	EndGlobalSection
	GlobalSection(SolutionProperties) = preSolution
		HideSolutionNode = FALSE
	EndGlobalSection
	GlobalSection(ExtensibilityGlobals) = postSolution
		SolutionGuid = {0231965C-3E67-4D58-8F78-8357FFA38319}
	EndGlobalSection
EndGlobal
